
Microsoft Visual Studio Solution File, Format Version 12.00
# Visual Studio 15
VisualStudioVersion = 15.0.28010.2046
MinimumVisualStudioVersion = 10.0.40219.1
Project("{151D2E53-A2C4-4D7D-83FE-D05416EBD58E}") = "AzureSQL", "AzureSQL\AzureSQL.deployproj", "{C3A6166A-3D4A-44C0-9AE5-68D6C111FDC7}"
EndProject
Global
	GlobalSection(SolutionConfigurationPlatforms) = preSolution
		Debug|Any CPU = Debug|Any CPU
		Release|Any CPU = Release|Any CPU
	EndGlobalSection
	GlobalSection(ProjectConfigurationPlatforms) = postSolution
		{C3A6166A-3D4A-44C0-9AE5-68D6C111FDC7}.Debug|Any CPU.ActiveCfg = Debug|Any CPU
		{C3A6166A-3D4A-44C0-9AE5-68D6C111FDC7}.Debug|Any CPU.Build.0 = Debug|Any CPU
		{C3A6166A-3D4A-44C0-9AE5-68D6C111FDC7}.Release|Any CPU.ActiveCfg = Release|Any CPU
		{C3A6166A-3D4A-44C0-9AE5-68D6C111FDC7}.Release|Any CPU.Build.0 = Release|Any CPU
	EndGlobalSection
	GlobalSection(SolutionProperties) = preSolution
		HideSolutionNode = FALSE
	EndGlobalSection
	GlobalSection(ExtensibilityGlobals) = postSolution
		SolutionGuid = {45EE5896-563B-49D4-8695-906203215D06}
	EndGlobalSection
EndGlobal
